// !$*UTF8*$!
{
	archiveVersion = 1;
	classes = {
	};
	objectVersion = 46;
	objects = {

/* Begin PBXBuildFile section */
		1C2696F61C734DEB00B140F0 /* AppDelegate.swift in Sources */ = {isa = PBXBuildFile; fileRef = 1C2696F51C734DEB00B140F0 /* AppDelegate.swift */; };
		1C2696F81C734DEB00B140F0 /* ViewController.swift in Sources */ = {isa = PBXBuildFile; fileRef = 1C2696F71C734DEB00B140F0 /* ViewController.swift */; };
		1C2696FB1C734DEB00B140F0 /* Main.storyboard in Resources */ = {isa = PBXBuildFile; fileRef = 1C2696F91C734DEB00B140F0 /* Main.storyboard */; };
		1C2696FD1C734DEB00B140F0 /* Assets.xcassets in Resources */ = {isa = PBXBuildFile; fileRef = 1C2696FC1C734DEB00B140F0 /* Assets.xcassets */; };
		1C2697001C734DEB00B140F0 /* LaunchScreen.storyboard in Resources */ = {isa = PBXBuildFile; fileRef = 1C2696FE1C734DEB00B140F0 /* LaunchScreen.storyboard */; };
		1C26970C1C73588A00B140F0 /* SSQRCodeScanner.framework in Frameworks */ = {isa = PBXBuildFile; fileRef = 1C26970A1C7357C200B140F0 /* SSQRCodeScanner.framework */; };
		1C26970D1C73588A00B140F0 /* SSQRCodeScanner.framework in Embed Frameworks */ = {isa = PBXBuildFile; fileRef = 1C26970A1C7357C200B140F0 /* SSQRCodeScanner.framework */; settings = {ATTRIBUTES = (CodeSignOnCopy, RemoveHeadersOnCopy, ); }; };
/* End PBXBuildFile section */

/* Begin PBXCopyFilesBuildPhase section */
		1C26970E1C73588A00B140F0 /* Embed Frameworks */ = {
			isa = PBXCopyFilesBuildPhase;
			buildActionMask = 2147483647;
			dstPath = "";
			dstSubfolderSpec = 10;
			files = (
				1C26970D1C73588A00B140F0 /* SSQRCodeScanner.framework in Embed Frameworks */,
			);
			name = "Embed Frameworks";
			runOnlyForDeploymentPostprocessing = 0;
		};
/* End PBXCopyFilesBuildPhase section */

/* Begin PBXFileReference section */
		1C2696F21C734DEB00B140F0 /* DemoQRCode.app */ = {isa = PBXFileReference; explicitFileType = wrapper.application; includeInIndex = 0; path = DemoQRCode.app; sourceTree = BUILT_PRODUCTS_DIR; };
		1C2696F51C734DEB00B140F0 /* AppDelegate.swift */ = {isa = PBXFileReference; lastKnownFileType = sourcecode.swift; path = AppDelegate.swift; sourceTree = "<group>"; };
		1C2696F71C734DEB00B140F0 /* ViewController.swift */ = {isa = PBXFileReference; lastKnownFileType = sourcecode.swift; path = ViewController.swift; sourceTree = "<group>"; };
		1C2696FA1C734DEB00B140F0 /* Base */ = {isa = PBXFileReference; lastKnownFileType = file.storyboard; name = Base; path = Base.lproj/Main.storyboard; sourceTree = "<group>"; };
		1C2696FC1C734DEB00B140F0 /* Assets.xcassets */ = {isa = PBXFileReference; lastKnownFileType = folder.assetcatalog; path = Assets.xcassets; sourceTree = "<group>"; };
		1C2696FF1C734DEB00B140F0 /* Base */ = {isa = PBXFileReference; lastKnownFileType = file.storyboard; name = Base; path = Base.lproj/LaunchScreen.storyboard; sourceTree = "<group>"; };
		1C2697011C734DEB00B140F0 /* Info.plist */ = {isa = PBXFileReference; lastKnownFileType = text.plist.xml; path = Info.plist; sourceTree = "<group>"; };
		1C26970A1C7357C200B140F0 /* SSQRCodeScanner.framework */ = {isa = PBXFileReference; lastKnownFileType = wrapper.framework; path = SSQRCodeScanner.framework; sourceTree = "<group>"; };
/* End PBXFileReference section */

/* Begin PBXFrameworksBuildPhase section */
		1C2696EF1C734DEB00B140F0 /* Frameworks */ = {
			isa = PBXFrameworksBuildPhase;
			buildActionMask = 2147483647;
			files = (
				1C26970C1C73588A00B140F0 /* SSQRCodeScanner.framework in Frameworks */,
			);
			runOnlyForDeploymentPostprocessing = 0;
		};
/* End PBXFrameworksBuildPhase section */

/* Begin PBXGroup section */
		1C2696E91C734DEB00B140F0 = {
			isa = PBXGroup;
			children = (
				1C2696F41C734DEB00B140F0 /* DemoQRCode */,
				1C2696F31C734DEB00B140F0 /* Products */,
			);
			sourceTree = "<group>";
		};
		1C2696F31C734DEB00B140F0 /* Products */ = {
			isa = PBXGroup;
			children = (
				1C2696F21C734DEB00B140F0 /* DemoQRCode.app */,
			);
			name = Products;
			sourceTree = "<group>";
		};
		1C2696F41C734DEB00B140F0 /* DemoQRCode */ = {
			isa = PBXGroup;
			children = (
				1C2697091C7357A800B140F0 /* QRScanner */,
				1C2696F51C734DEB00B140F0 /* AppDelegate.swift */,
				1C2696F71C734DEB00B140F0 /* ViewController.swift */,
				1C2696F91C734DEB00B140F0 /* Main.storyboard */,
				1C2696FC1C734DEB00B140F0 /* Assets.xcassets */,
				1C2696FE1C734DEB00B140F0 /* LaunchScreen.storyboard */,
				1C2697011C734DEB00B140F0 /* Info.plist */,
			);
			path = DemoQRCode;
			sourceTree = "<group>";
		};
		1C2697091C7357A800B140F0 /* QRScanner */ = {
			isa = PBXGroup;
			children = (
				1C26970A1C7357C200B140F0 /* SSQRCodeScanner.framework */,
			);
			path = QRScanner;
			sourceTree = "<group>";
		};
/* End PBXGroup section */

/* Begin PBXNativeTarget section */
		1C2696F11C734DEB00B140F0 /* DemoQRCode */ = {
			isa = PBXNativeTarget;
			buildConfigurationList = 1C2697041C734DEB00B140F0 /* Build configuration list for PBXNativeTarget "DemoQRCode" */;
			buildPhases = (
				1C2696EE1C734DEB00B140F0 /* Sources */,
				1C2696EF1C734DEB00B140F0 /* Frameworks */,
				1C2696F01C734DEB00B140F0 /* Resources */,
				1C26970E1C73588A00B140F0 /* Embed Frameworks */,
			);
			buildRules = (
			);
			dependencies = (
			);
			name = DemoQRCode;
			productName = DemoQRCode;
			productReference = 1C2696F21C734DEB00B140F0 /* DemoQRCode.app */;
			productType = "com.apple.product-type.application";
		};
/* End PBXNativeTarget section */

/* Begin PBXProject section */
		1C2696EA1C734DEB00B140F0 /* Project object */ = {
			isa = PBXProject;
			attributes = {
				LastSwiftUpdateCheck = 0720;
				LastUpgradeCheck = 0720;
				ORGANIZATIONNAME = "Susim Samanta";
				TargetAttributes = {
					1C2696F11C734DEB00B140F0 = {
						CreatedOnToolsVersion = 7.2.1;
					};
				};
			};
			buildConfigurationList = 1C2696ED1C734DEB00B140F0 /* Build configuration list for PBXProject "DemoQRCode" */;
			compatibilityVersion = "Xcode 3.2";
			developmentRegion = English;
			hasScannedForEncodings = 0;
			knownRegions = (
				en,
				Base,
			);
			mainGroup = 1C2696E91C734DEB00B140F0;
			productRefGroup = 1C2696F31C734DEB00B140F0 /* Products */;
			projectDirPath = "";
			projectRoot = "";
			targets = (
				1C2696F11C734DEB00B140F0 /* DemoQRCode */,
			);
		};
/* End PBXProject section */

/* Begin PBXResourcesBuildPhase section */
		1C2696F01C734DEB00B140F0 /* Resources */ = {
			isa = PBXResourcesBuildPhase;
			buildActionMask = 2147483647;
			files = (
				1C2697001C734DEB00B140F0 /* LaunchScreen.storyboard in Resources */,
				1C2696FD1C734DEB00B140F0 /* Assets.xcassets in Resources */,
				1C2696FB1C734DEB00B140F0 /* Main.storyboard in Resources */,
			);
			runOnlyForDeploymentPostprocessing = 0;
		};
/* End PBXResourcesBuildPhase section */

/* Begin PBXSourcesBuildPhase section */
		1C2696EE1C734DEB00B140F0 /* Sources */ = {
			isa = PBXSourcesBuildPhase;
			buildActionMask = 2147483647;
			files = (
				1C2696F81C734DEB00B140F0 /* ViewController.swift in Sources */,
				1C2696F61C734DEB00B140F0 /* AppDelegate.swift in Sources */,
			);
			runOnlyForDeploymentPostprocessing = 0;
		};
/* End PBXSourcesBuildPhase section */

/* Begin PBXVariantGroup section */
		1C2696F91C734DEB00B140F0 /* Main.storyboard */ = {
			isa = PBXVariantGroup;
			children = (
				1C2696FA1C734DEB00B140F0 /* Base */,
			);
			name = Main.storyboard;
			sourceTree = "<group>";
		};
		1C2696FE1C734DEB00B140F0 /* LaunchScreen.storyboard */ = {
			isa = PBXVariantGroup;
			children = (
				1C2696FF1C734DEB00B140F0 /* Base */,
			);
			name = LaunchScreen.storyboard;
			sourceTree = "<group>";
		};
/* End PBXVariantGroup section */

/* Begin XCBuildConfiguration section */
		1C2697021C734DEB00B140F0 /* Debug */ = {
			isa = XCBuildConfiguration;
			buildSettings = {
				ALWAYS_SEARCH_USER_PATHS = NO;
				CLANG_CXX_LANGUAGE_STANDARD = "gnu++0x";
				CLANG_CXX_LIBRARY = "libc++";
				CLANG_ENABLE_MODULES = YES;
				CLANG_ENABLE_OBJC_ARC = YES;
				CLANG_WARN_BOOL_CONVERSION = YES;
				CLANG_WARN_CONSTANT_CONVERSION = YES;
				CLANG_WARN_DIRECT_OBJC_ISA_USAGE = YES_ERROR;
				CLANG_WARN_EMPTY_BODY = YES;
				CLANG_WARN_ENUM_CONVERSION = YES;
				CLANG_WARN_INT_CONVERSION = YES;
				CLANG_WARN_OBJC_ROOT_CLASS = YES_ERROR;
				CLANG_WARN_UNREACHABLE_CODE = YES;
				CLANG_WARN__DUPLICATE_METHOD_MATCH = YES;
				"CODE_SIGN_IDENTITY[sdk=iphoneos*]" = "iPhone Developer";
				COPY_PHASE_STRIP = NO;
				DEBUG_INFORMATION_FORMAT = dwarf;
				ENABLE_STRICT_OBJC_MSGSEND = YES;
				ENABLE_TESTABILITY = YES;
				GCC_C_LANGUAGE_STANDARD = gnu99;
				GCC_DYNAMIC_NO_PIC = NO;
				GCC_NO_COMMON_BLOCKS = YES;
				GCC_OPTIMIZATION_LEVEL = 0;
				GCC_PREPROCESSOR_DEFINITIONS = (
					"DEBUG=1",
					"$(inherited)",
				);
				GCC_WARN_64_TO_32_BIT_CONVERSION = YES;
				GCC_WARN_ABOUT_RETURN_TYPE = YES_ERROR;
				GCC_WARN_UNDECLARED_SELECTOR = YES;
				GCC_WARN_UNINITIALIZED_AUTOS = YES_AGGRESSIVE;
				GCC_WARN_UNUSED_FUNCTION = YES;
				GCC_WARN_UNUSED_VARIABLE = YES;
				IPHONEOS_DEPLOYMENT_TARGET = 9.2;
				MTL_ENABLE_DEBUG_INFO = YES;
				ONLY_ACTIVE_ARCH = YES;
				SDKROOT = iphoneos;
				SWIFT_OPTIMIZATION_LEVEL = "-Onone";
				TARGETED_DEVICE_FAMILY = "1,2";
			};
			name = Debug;
		};
		1C2697031C734DEB00B140F0 /* Release */ = {
			isa = XCBuildConfiguration;
			buildSettings = {
				ALWAYS_SEARCH_USER_PATHS = NO;
				CLANG_CXX_LANGUAGE_STANDARD = "gnu++0x";
				CLANG_CXX_LIBRARY = "libc++";
				CLANG_ENABLE_MODULES = YES;
				CLANG_ENABLE_OBJC_ARC = YES;
				CLANG_WARN_BOOL_CONVERSION = YES;
				CLANG_WARN_CONSTANT_CONVERSION = YES;
				CLANG_WARN_DIRECT_OBJC_ISA_USAGE = YES_ERROR;
				CLANG_WARN_EMPTY_BODY = YES;
				CLANG_WARN_ENUM_CONVERSION = YES;
				CLANG_WARN_INT_CONVERSION = YES;
				CLANG_WARN_OBJC_ROOT_CLASS = YES_ERROR;
				CLANG_WARN_UNREACHABLE_CODE = YES;
				CLANG_WARN__DUPLICATE_METHOD_MATCH = YES;
				"CODE_SIGN_IDENTITY[sdk=iphoneos*]" = "iPhone Developer";
				COPY_PHASE_STRIP = NO;
				DEBUG_INFORMATION_FORMAT = "dwarf-with-dsym";
				ENABLE_NS_ASSERTIONS = NO;
				ENABLE_STRICT_OBJC_MSGSEND = YES;
				GCC_C_LANGUAGE_STANDARD = gnu99;
				GCC_NO_COMMON_BLOCKS = YES;
				GCC_WARN_64_TO_32_BIT_CONVERSION = YES;
				GCC_WARN_ABOUT_RETURN_TYPE = YES_ERROR;
				GCC_WARN_UNDECLARED_SELECTOR = YES;
				GCC_WARN_UNINITIALIZED_AUTOS = YES_AGGRESSIVE;
				GCC_WARN_UNUSED_FUNCTION = YES;
				GCC_WARN_UNUSED_VARIABLE = YES;
				IPHONEOS_DEPLOYMENT_TARGET = 9.2;
				MTL_ENABLE_DEBUG_INFO = NO;
				SDKROOT = iphoneos;
				TARGETED_DEVICE_FAMILY = "1,2";
				VALIDATE_PRODUCT = YES;
			};
			name = Release;
		};
		1C2697051C734DEB00B140F0 /* Debug */ = {
			isa = XCBuildConfiguration;
			buildSettings = {
				ASSETCATALOG_COMPILER_APPICON_NAME = AppIcon;
				FRAMEWORK_SEARCH_PATHS = (
					"$(inherited)",
					"$(PROJECT_DIR)/DemoQRCode/QRScanner",
				);
				INFOPLIST_FILE = DemoQRCode/Info.plist;
				LD_RUNPATH_SEARCH_PATHS = "$(inherited) @executable_path/Frameworks";
				PRODUCT_BUNDLE_IDENTIFIER = com.susim.DemoQRCode;
				PRODUCT_NAME = "$(TARGET_NAME)";
			};
			name = Debug;
		};
		1C2697061C734DEB00B140F0 /* Release */ = {
			isa = XCBuildConfiguration;
			buildSettings = {
				ASSETCATALOG_COMPILER_APPICON_NAME = AppIcon;
				FRAMEWORK_SEARCH_PATHS = (
					"$(inherited)",
					"$(PROJECT_DIR)/DemoQRCode/QRScanner",
				);
				INFOPLIST_FILE = DemoQRCode/Info.plist;
				LD_RUNPATH_SEARCH_PATHS = "$(inherited) @executable_path/Frameworks";
				PRODUCT_BUNDLE_IDENTIFIER = com.susim.DemoQRCode;
				PRODUCT_NAME = "$(TARGET_NAME)";
			};
			name = Release;
		};
/* End XCBuildConfiguration section */

/* Begin XCConfigurationList section */
		1C2696ED1C734DEB00B140F0 /* Build configuration list for PBXProject "DemoQRCode" */ = {
			isa = XCConfigurationList;
			buildConfigurations = (
				1C2697021C734DEB00B140F0 /* Debug */,
				1C2697031C734DEB00B140F0 /* Release */,
			);
			defaultConfigurationIsVisible = 0;
			defaultConfigurationName = Release;
		};
		1C2697041C734DEB00B140F0 /* Build configuration list for PBXNativeTarget "DemoQRCode" */ = {
			isa = XCConfigurationList;
			buildConfigurations = (
				1C2697051C734DEB00B140F0 /* Debug */,
				1C2697061C734DEB00B140F0 /* Release */,
			);
			defaultConfigurationIsVisible = 0;
			defaultConfigurationName = Release;
		};
/* End XCConfigurationList section */
	};
	rootObject = 1C2696EA1C734DEB00B140F0 /* Project object */;
}
